// !$*UTF8*$!
{
	archiveVersion = 1;
	classes = {
	};
	objectVersion = 55;
	objects = {

/* Begin PBXBuildFile section */
		A3FEE999824A5A48FBDC2C25 /* Pods_picmore_ios.framework in Frameworks */ = {isa = PBXBuildFile; fileRef = 7FF579FBA7DEF7D75BDB10E5 /* Pods_picmore_ios.framework */; };
		A5CB90E62896CF3600868D29 /* picmore_iosApp.swift in Sources */ = {isa = PBXBuildFile; fileRef = A5CB90E52896CF3600868D29 /* picmore_iosApp.swift */; };
		A5CB90EA2896CF3800868D29 /* Assets.xcassets in Resources */ = {isa = PBXBuildFile; fileRef = A5CB90E92896CF3800868D29 /* Assets.xcassets */; };
		A5CB90ED2896CF3800868D29 /* Preview Assets.xcassets in Resources */ = {isa = PBXBuildFile; fileRef = A5CB90EC2896CF3800868D29 /* Preview Assets.xcassets */; };
		A5CB90FE2896D58600868D29 /* unsplash_image.swift in Sources */ = {isa = PBXBuildFile; fileRef = A5CB90FD2896D58600868D29 /* unsplash_image.swift */; };
		A5CB91002896D7A300868D29 /* images_page.swift in Sources */ = {isa = PBXBuildFile; fileRef = A5CB90FF2896D7A300868D29 /* images_page.swift */; };
		A5CB91022896D7B100868D29 /* images_view_model.swift in Sources */ = {isa = PBXBuildFile; fileRef = A5CB91012896D7B100868D29 /* images_view_model.swift */; };
		A5CB91042896D8D500868D29 /* images_repository.swift in Sources */ = {isa = PBXBuildFile; fileRef = A5CB91032896D8D500868D29 /* images_repository.swift */; };
		A5CB91072896D91E00868D29 /* images_repository_impl.swift in Sources */ = {isa = PBXBuildFile; fileRef = A5CB91062896D91E00868D29 /* images_repository_impl.swift */; };
		A5CB910C289702FF00868D29 /* images_interactor.swift in Sources */ = {isa = PBXBuildFile; fileRef = A5CB910B289702FF00868D29 /* images_interactor.swift */; };
		A5CB910F289703AE00868D29 /* ServiceFactory.swift in Sources */ = {isa = PBXBuildFile; fileRef = A5CB910E289703AE00868D29 /* ServiceFactory.swift */; };
/* End PBXBuildFile section */

/* Begin PBXFileReference section */
		0572886D450E49EE15DF76F1 /* Pods-picmore_ios.release.xcconfig */ = {isa = PBXFileReference; includeInIndex = 1; lastKnownFileType = text.xcconfig; name = "Pods-picmore_ios.release.xcconfig"; path = "Target Support Files/Pods-picmore_ios/Pods-picmore_ios.release.xcconfig"; sourceTree = "<group>"; };
		7FF579FBA7DEF7D75BDB10E5 /* Pods_picmore_ios.framework */ = {isa = PBXFileReference; explicitFileType = wrapper.framework; includeInIndex = 0; path = Pods_picmore_ios.framework; sourceTree = BUILT_PRODUCTS_DIR; };
		A5CB90E22896CF3600868D29 /* picmore_ios.app */ = {isa = PBXFileReference; explicitFileType = wrapper.application; includeInIndex = 0; path = picmore_ios.app; sourceTree = BUILT_PRODUCTS_DIR; };
		A5CB90E52896CF3600868D29 /* picmore_iosApp.swift */ = {isa = PBXFileReference; lastKnownFileType = sourcecode.swift; path = picmore_iosApp.swift; sourceTree = "<group>"; };
		A5CB90E92896CF3800868D29 /* Assets.xcassets */ = {isa = PBXFileReference; lastKnownFileType = folder.assetcatalog; path = Assets.xcassets; sourceTree = "<group>"; };
		A5CB90EC2896CF3800868D29 /* Preview Assets.xcassets */ = {isa = PBXFileReference; lastKnownFileType = folder.assetcatalog; path = "Preview Assets.xcassets"; sourceTree = "<group>"; };
		A5CB90FD2896D58600868D29 /* unsplash_image.swift */ = {isa = PBXFileReference; lastKnownFileType = sourcecode.swift; path = unsplash_image.swift; sourceTree = "<group>"; };
		A5CB90FF2896D7A300868D29 /* images_page.swift */ = {isa = PBXFileReference; lastKnownFileType = sourcecode.swift; path = images_page.swift; sourceTree = "<group>"; };
		A5CB91012896D7B100868D29 /* images_view_model.swift */ = {isa = PBXFileReference; lastKnownFileType = sourcecode.swift; path = images_view_model.swift; sourceTree = "<group>"; };
		A5CB91032896D8D500868D29 /* images_repository.swift */ = {isa = PBXFileReference; lastKnownFileType = sourcecode.swift; path = images_repository.swift; sourceTree = "<group>"; };
		A5CB91062896D91E00868D29 /* images_repository_impl.swift */ = {isa = PBXFileReference; lastKnownFileType = sourcecode.swift; path = images_repository_impl.swift; sourceTree = "<group>"; };
		A5CB910B289702FF00868D29 /* images_interactor.swift */ = {isa = PBXFileReference; lastKnownFileType = sourcecode.swift; path = images_interactor.swift; sourceTree = "<group>"; };
		A5CB910E289703AE00868D29 /* ServiceFactory.swift */ = {isa = PBXFileReference; lastKnownFileType = sourcecode.swift; path = ServiceFactory.swift; sourceTree = "<group>"; };
		DDA7FA1EC7A3373C8F39A2CD /* Pods-picmore_ios.debug.xcconfig */ = {isa = PBXFileReference; includeInIndex = 1; lastKnownFileType = text.xcconfig; name = "Pods-picmore_ios.debug.xcconfig"; path = "Target Support Files/Pods-picmore_ios/Pods-picmore_ios.debug.xcconfig"; sourceTree = "<group>"; };
/* End PBXFileReference section */

/* Begin PBXFrameworksBuildPhase section */
		A5CB90DF2896CF3600868D29 /* Frameworks */ = {
			isa = PBXFrameworksBuildPhase;
			buildActionMask = 2147483647;
			files = (
				A3FEE999824A5A48FBDC2C25 /* Pods_picmore_ios.framework in Frameworks */,
			);
			runOnlyForDeploymentPostprocessing = 0;
		};
/* End PBXFrameworksBuildPhase section */

/* Begin PBXGroup section */
		0AAB6DA1B412556210CB9A6C /* Pods */ = {
			isa = PBXGroup;
			children = (
				DDA7FA1EC7A3373C8F39A2CD /* Pods-picmore_ios.debug.xcconfig */,
				0572886D450E49EE15DF76F1 /* Pods-picmore_ios.release.xcconfig */,
			);
			path = Pods;
			sourceTree = "<group>";
		};
		A5CB90D92896CF3600868D29 = {
			isa = PBXGroup;
			children = (
				A5CB90E42896CF3600868D29 /* picmore_ios */,
				A5CB90E32896CF3600868D29 /* Products */,
				0AAB6DA1B412556210CB9A6C /* Pods */,
				D22BE5B0FE25479B77303FDA /* Frameworks */,
			);
			sourceTree = "<group>";
		};
		A5CB90E32896CF3600868D29 /* Products */ = {
			isa = PBXGroup;
			children = (
				A5CB90E22896CF3600868D29 /* picmore_ios.app */,
			);
			name = Products;
			sourceTree = "<group>";
		};
		A5CB90E42896CF3600868D29 /* picmore_ios */ = {
			isa = PBXGroup;
			children = (
				A5CB90F62896D51600868D29 /* app */,
				A5CB90FB2896D57100868D29 /* common */,
				A5CB90F52896D50500868D29 /* remote_services */,
				A5CB90F42896D4C300868D29 /* domain */,
				A5CB90F32896D4BB00868D29 /* ui */,
				A5CB90E92896CF3800868D29 /* Assets.xcassets */,
				A5CB90EB2896CF3800868D29 /* Preview Content */,
			);
			path = picmore_ios;
			sourceTree = "<group>";
		};
		A5CB90EB2896CF3800868D29 /* Preview Content */ = {
			isa = PBXGroup;
			children = (
				A5CB90EC2896CF3800868D29 /* Preview Assets.xcassets */,
			);
			path = "Preview Content";
			sourceTree = "<group>";
		};
		A5CB90F32896D4BB00868D29 /* ui */ = {
			isa = PBXGroup;
			children = (
				A5CB90F82896D53A00868D29 /* image_details */,
				A5CB90F72896D52500868D29 /* images */,
			);
			path = ui;
			sourceTree = "<group>";
		};
		A5CB90F42896D4C300868D29 /* domain */ = {
			isa = PBXGroup;
			children = (
				A5CB91032896D8D500868D29 /* images_repository.swift */,
				A5CB910B289702FF00868D29 /* images_interactor.swift */,
			);
			path = domain;
			sourceTree = "<group>";
		};
		A5CB90F52896D50500868D29 /* remote_services */ = {
			isa = PBXGroup;
			children = (
				A5CB91052896D90700868D29 /* repository */,
			);
			path = remote_services;
			sourceTree = "<group>";
		};
		A5CB90F62896D51600868D29 /* app */ = {
			isa = PBXGroup;
			children = (
				A5CB910D289703A700868D29 /* di */,
				A5CB90E52896CF3600868D29 /* picmore_iosApp.swift */,
			);
			path = app;
			sourceTree = "<group>";
		};
		A5CB90F72896D52500868D29 /* images */ = {
			isa = PBXGroup;
			children = (
				A5CB90FF2896D7A300868D29 /* images_page.swift */,
				A5CB91012896D7B100868D29 /* images_view_model.swift */,
			);
			path = images;
			sourceTree = "<group>";
		};
		A5CB90F82896D53A00868D29 /* image_details */ = {
			isa = PBXGroup;
			children = (
			);
			path = image_details;
			sourceTree = "<group>";
		};
		A5CB90FB2896D57100868D29 /* common */ = {
			isa = PBXGroup;
			children = (
				A5CB90FC2896D57600868D29 /* models */,
			);
			path = common;
			sourceTree = "<group>";
		};
		A5CB90FC2896D57600868D29 /* models */ = {
			isa = PBXGroup;
			children = (
				A5CB90FD2896D58600868D29 /* unsplash_image.swift */,
			);
			path = models;
			sourceTree = "<group>";
		};
		A5CB91052896D90700868D29 /* repository */ = {
			isa = PBXGroup;
			children = (
				A5CB91062896D91E00868D29 /* images_repository_impl.swift */,
			);
			path = repository;
			sourceTree = "<group>";
		};
		A5CB910D289703A700868D29 /* di */ = {
			isa = PBXGroup;
			children = (
				A5CB910E289703AE00868D29 /* ServiceFactory.swift */,
			);
			path = di;
			sourceTree = "<group>";
		};
		D22BE5B0FE25479B77303FDA /* Frameworks */ = {
			isa = PBXGroup;
			children = (
				7FF579FBA7DEF7D75BDB10E5 /* Pods_picmore_ios.framework */,
			);
			name = Frameworks;
			sourceTree = "<group>";
		};
/* End PBXGroup section */

/* Begin PBXNativeTarget section */
		A5CB90E12896CF3600868D29 /* picmore_ios */ = {
			isa = PBXNativeTarget;
			buildConfigurationList = A5CB90F02896CF3800868D29 /* Build configuration list for PBXNativeTarget "picmore_ios" */;
			buildPhases = (
				D0C87AE118095B33179D70D8 /* [CP] Check Pods Manifest.lock */,
				A5CB90DE2896CF3600868D29 /* Sources */,
				A5CB90DF2896CF3600868D29 /* Frameworks */,
				A5CB90E02896CF3600868D29 /* Resources */,
				F358C5BA83CE7B556B1B71F5 /* [CP] Embed Pods Frameworks */,
			);
			buildRules = (
			);
			dependencies = (
			);
			name = picmore_ios;
			productName = picmore_ios;
			productReference = A5CB90E22896CF3600868D29 /* picmore_ios.app */;
			productType = "com.apple.product-type.application";
		};
/* End PBXNativeTarget section */

/* Begin PBXProject section */
		A5CB90DA2896CF3600868D29 /* Project object */ = {
			isa = PBXProject;
			attributes = {
				BuildIndependentTargetsInParallel = 1;
				LastSwiftUpdateCheck = 1320;
				LastUpgradeCheck = 1320;
				TargetAttributes = {
					A5CB90E12896CF3600868D29 = {
						CreatedOnToolsVersion = 13.2.1;
					};
				};
			};
			buildConfigurationList = A5CB90DD2896CF3600868D29 /* Build configuration list for PBXProject "picmore_ios" */;
			compatibilityVersion = "Xcode 13.0";
			developmentRegion = en;
			hasScannedForEncodings = 0;
			knownRegions = (
				en,
				Base,
			);
			mainGroup = A5CB90D92896CF3600868D29;
			productRefGroup = A5CB90E32896CF3600868D29 /* Products */;
			projectDirPath = "";
			projectRoot = "";
			targets = (
				A5CB90E12896CF3600868D29 /* picmore_ios */,
			);
		};
/* End PBXProject section */

/* Begin PBXResourcesBuildPhase section */
		A5CB90E02896CF3600868D29 /* Resources */ = {
			isa = PBXResourcesBuildPhase;
			buildActionMask = 2147483647;
			files = (
				A5CB90ED2896CF3800868D29 /* Preview Assets.xcassets in Resources */,
				A5CB90EA2896CF3800868D29 /* Assets.xcassets in Resources */,
			);
			runOnlyForDeploymentPostprocessing = 0;
		};
/* End PBXResourcesBuildPhase section */

/* Begin PBXShellScriptBuildPhase section */
		D0C87AE118095B33179D70D8 /* [CP] Check Pods Manifest.lock */ = {
			isa = PBXShellScriptBuildPhase;
			buildActionMask = 2147483647;
			files = (
			);
			inputFileListPaths = (
			);
			inputPaths = (
				"${PODS_PODFILE_DIR_PATH}/Podfile.lock",
				"${PODS_ROOT}/Manifest.lock",
			);
			name = "[CP] Check Pods Manifest.lock";
			outputFileListPaths = (
			);
			outputPaths = (
				"$(DERIVED_FILE_DIR)/Pods-picmore_ios-checkManifestLockResult.txt",
			);
			runOnlyForDeploymentPostprocessing = 0;
			shellPath = /bin/sh;
			shellScript = "diff \"${PODS_PODFILE_DIR_PATH}/Podfile.lock\" \"${PODS_ROOT}/Manifest.lock\" > /dev/null\nif [ $? != 0 ] ; then\n    # print error to STDERR\n    echo \"error: The sandbox is not in sync with the Podfile.lock. Run 'pod install' or update your CocoaPods installation.\" >&2\n    exit 1\nfi\n# This output is used by Xcode 'outputs' to avoid re-running this script phase.\necho \"SUCCESS\" > \"${SCRIPT_OUTPUT_FILE_0}\"\n";
			showEnvVarsInLog = 0;
		};
		F358C5BA83CE7B556B1B71F5 /* [CP] Embed Pods Frameworks */ = {
			isa = PBXShellScriptBuildPhase;
			buildActionMask = 2147483647;
			files = (
			);
			inputFileListPaths = (
				"${PODS_ROOT}/Target Support Files/Pods-picmore_ios/Pods-picmore_ios-frameworks-${CONFIGURATION}-input-files.xcfilelist",
			);
			name = "[CP] Embed Pods Frameworks";
			outputFileListPaths = (
				"${PODS_ROOT}/Target Support Files/Pods-picmore_ios/Pods-picmore_ios-frameworks-${CONFIGURATION}-output-files.xcfilelist",
			);
			runOnlyForDeploymentPostprocessing = 0;
			shellPath = /bin/sh;
			shellScript = "\"${PODS_ROOT}/Target Support Files/Pods-picmore_ios/Pods-picmore_ios-frameworks.sh\"\n";
			showEnvVarsInLog = 0;
		};
/* End PBXShellScriptBuildPhase section */

/* Begin PBXSourcesBuildPhase section */
		A5CB90DE2896CF3600868D29 /* Sources */ = {
			isa = PBXSourcesBuildPhase;
			buildActionMask = 2147483647;
			files = (
				A5CB90E62896CF3600868D29 /* picmore_iosApp.swift in Sources */,
				A5CB91002896D7A300868D29 /* images_page.swift in Sources */,
				A5CB910C289702FF00868D29 /* images_interactor.swift in Sources */,
				A5CB91022896D7B100868D29 /* images_view_model.swift in Sources */,
				A5CB91042896D8D500868D29 /* images_repository.swift in Sources */,
				A5CB910F289703AE00868D29 /* ServiceFactory.swift in Sources */,
				A5CB90FE2896D58600868D29 /* unsplash_image.swift in Sources */,
				A5CB91072896D91E00868D29 /* images_repository_impl.swift in Sources */,
			);
			runOnlyForDeploymentPostprocessing = 0;
		};
/* End PBXSourcesBuildPhase section */

/* Begin XCBuildConfiguration section */
		A5CB90EE2896CF3800868D29 /* Debug */ = {
			isa = XCBuildConfiguration;
			buildSettings = {
				ALWAYS_SEARCH_USER_PATHS = NO;
				CLANG_ANALYZER_NONNULL = YES;
				CLANG_ANALYZER_NUMBER_OBJECT_CONVERSION = YES_AGGRESSIVE;
				CLANG_CXX_LANGUAGE_STANDARD = "gnu++17";
				CLANG_CXX_LIBRARY = "libc++";
				CLANG_ENABLE_MODULES = YES;
				CLANG_ENABLE_OBJC_ARC = YES;
				CLANG_ENABLE_OBJC_WEAK = YES;
				CLANG_WARN_BLOCK_CAPTURE_AUTORELEASING = YES;
				CLANG_WARN_BOOL_CONVERSION = YES;
				CLANG_WARN_COMMA = YES;
				CLANG_WARN_CONSTANT_CONVERSION = YES;
				CLANG_WARN_DEPRECATED_OBJC_IMPLEMENTATIONS = YES;
				CLANG_WARN_DIRECT_OBJC_ISA_USAGE = YES_ERROR;
				CLANG_WARN_DOCUMENTATION_COMMENTS = YES;
				CLANG_WARN_EMPTY_BODY = YES;
				CLANG_WARN_ENUM_CONVERSION = YES;
				CLANG_WARN_INFINITE_RECURSION = YES;
				CLANG_WARN_INT_CONVERSION = YES;
				CLANG_WARN_NON_LITERAL_NULL_CONVERSION = YES;
				CLANG_WARN_OBJC_IMPLICIT_RETAIN_SELF = YES;
				CLANG_WARN_OBJC_LITERAL_CONVERSION = YES;
				CLANG_WARN_OBJC_ROOT_CLASS = YES_ERROR;
				CLANG_WARN_QUOTED_INCLUDE_IN_FRAMEWORK_HEADER = YES;
				CLANG_WARN_RANGE_LOOP_ANALYSIS = YES;
				CLANG_WARN_STRICT_PROTOTYPES = YES;
				CLANG_WARN_SUSPICIOUS_MOVE = YES;
				CLANG_WARN_UNGUARDED_AVAILABILITY = YES_AGGRESSIVE;
				CLANG_WARN_UNREACHABLE_CODE = YES;
				CLANG_WARN__DUPLICATE_METHOD_MATCH = YES;
				COPY_PHASE_STRIP = NO;
				DEBUG_INFORMATION_FORMAT = dwarf;
				ENABLE_STRICT_OBJC_MSGSEND = YES;
				ENABLE_TESTABILITY = YES;
				GCC_C_LANGUAGE_STANDARD = gnu11;
				GCC_DYNAMIC_NO_PIC = NO;
				GCC_NO_COMMON_BLOCKS = YES;
				GCC_OPTIMIZATION_LEVEL = 0;
				GCC_PREPROCESSOR_DEFINITIONS = (
					"DEBUG=1",
					"$(inherited)",
				);
				GCC_WARN_64_TO_32_BIT_CONVERSION = YES;
				GCC_WARN_ABOUT_RETURN_TYPE = YES_ERROR;
				GCC_WARN_UNDECLARED_SELECTOR = YES;
				GCC_WARN_UNINITIALIZED_AUTOS = YES_AGGRESSIVE;
				GCC_WARN_UNUSED_FUNCTION = YES;
				GCC_WARN_UNUSED_VARIABLE = YES;
				IPHONEOS_DEPLOYMENT_TARGET = 15.2;
				MTL_ENABLE_DEBUG_INFO = INCLUDE_SOURCE;
				MTL_FAST_MATH = YES;
				ONLY_ACTIVE_ARCH = YES;
				SDKROOT = iphoneos;
				SWIFT_ACTIVE_COMPILATION_CONDITIONS = DEBUG;
				SWIFT_OPTIMIZATION_LEVEL = "-Onone";
			};
			name = Debug;
		};
		A5CB90EF2896CF3800868D29 /* Release */ = {
			isa = XCBuildConfiguration;
			buildSettings = {
				ALWAYS_SEARCH_USER_PATHS = NO;
				CLANG_ANALYZER_NONNULL = YES;
				CLANG_ANALYZER_NUMBER_OBJECT_CONVERSION = YES_AGGRESSIVE;
				CLANG_CXX_LANGUAGE_STANDARD = "gnu++17";
				CLANG_CXX_LIBRARY = "libc++";
				CLANG_ENABLE_MODULES = YES;
				CLANG_ENABLE_OBJC_ARC = YES;
				CLANG_ENABLE_OBJC_WEAK = YES;
				CLANG_WARN_BLOCK_CAPTURE_AUTORELEASING = YES;
				CLANG_WARN_BOOL_CONVERSION = YES;
				CLANG_WARN_COMMA = YES;
				CLANG_WARN_CONSTANT_CONVERSION = YES;
				CLANG_WARN_DEPRECATED_OBJC_IMPLEMENTATIONS = YES;
				CLANG_WARN_DIRECT_OBJC_ISA_USAGE = YES_ERROR;
				CLANG_WARN_DOCUMENTATION_COMMENTS = YES;
				CLANG_WARN_EMPTY_BODY = YES;
				CLANG_WARN_ENUM_CONVERSION = YES;
				CLANG_WARN_INFINITE_RECURSION = YES;
				CLANG_WARN_INT_CONVERSION = YES;
				CLANG_WARN_NON_LITERAL_NULL_CONVERSION = YES;
				CLANG_WARN_OBJC_IMPLICIT_RETAIN_SELF = YES;
				CLANG_WARN_OBJC_LITERAL_CONVERSION = YES;
				CLANG_WARN_OBJC_ROOT_CLASS = YES_ERROR;
				CLANG_WARN_QUOTED_INCLUDE_IN_FRAMEWORK_HEADER = YES;
				CLANG_WARN_RANGE_LOOP_ANALYSIS = YES;
				CLANG_WARN_STRICT_PROTOTYPES = YES;
				CLANG_WARN_SUSPICIOUS_MOVE = YES;
				CLANG_WARN_UNGUARDED_AVAILABILITY = YES_AGGRESSIVE;
				CLANG_WARN_UNREACHABLE_CODE = YES;
				CLANG_WARN__DUPLICATE_METHOD_MATCH = YES;
				COPY_PHASE_STRIP = NO;
				DEBUG_INFORMATION_FORMAT = "dwarf-with-dsym";
				ENABLE_NS_ASSERTIONS = NO;
				ENABLE_STRICT_OBJC_MSGSEND = YES;
				GCC_C_LANGUAGE_STANDARD = gnu11;
				GCC_NO_COMMON_BLOCKS = YES;
				GCC_WARN_64_TO_32_BIT_CONVERSION = YES;
				GCC_WARN_ABOUT_RETURN_TYPE = YES_ERROR;
				GCC_WARN_UNDECLARED_SELECTOR = YES;
				GCC_WARN_UNINITIALIZED_AUTOS = YES_AGGRESSIVE;
				GCC_WARN_UNUSED_FUNCTION = YES;
				GCC_WARN_UNUSED_VARIABLE = YES;
				IPHONEOS_DEPLOYMENT_TARGET = 15.2;
				MTL_ENABLE_DEBUG_INFO = NO;
				MTL_FAST_MATH = YES;
				SDKROOT = iphoneos;
				SWIFT_COMPILATION_MODE = wholemodule;
				SWIFT_OPTIMIZATION_LEVEL = "-O";
				VALIDATE_PRODUCT = YES;
			};
			name = Release;
		};
		A5CB90F12896CF3800868D29 /* Debug */ = {
			isa = XCBuildConfiguration;
			baseConfigurationReference = DDA7FA1EC7A3373C8F39A2CD /* Pods-picmore_ios.debug.xcconfig */;
			buildSettings = {
				ASSETCATALOG_COMPILER_APPICON_NAME = AppIcon;
				ASSETCATALOG_COMPILER_GLOBAL_ACCENT_COLOR_NAME = AccentColor;
				CODE_SIGN_STYLE = Automatic;
				CURRENT_PROJECT_VERSION = 1;
				DEVELOPMENT_ASSET_PATHS = "\"picmore_ios/Preview Content\"";
				DEVELOPMENT_TEAM = 66QU74C344;
				ENABLE_PREVIEWS = YES;
				GENERATE_INFOPLIST_FILE = YES;
				INFOPLIST_KEY_UIApplicationSceneManifest_Generation = YES;
				INFOPLIST_KEY_UIApplicationSupportsIndirectInputEvents = YES;
				INFOPLIST_KEY_UILaunchScreen_Generation = YES;
				INFOPLIST_KEY_UISupportedInterfaceOrientations_iPad = "UIInterfaceOrientationPortrait UIInterfaceOrientationPortraitUpsideDown UIInterfaceOrientationLandscapeLeft UIInterfaceOrientationLandscapeRight";
				INFOPLIST_KEY_UISupportedInterfaceOrientations_iPhone = "UIInterfaceOrientationPortrait UIInterfaceOrientationLandscapeLeft UIInterfaceOrientationLandscapeRight";
				LD_RUNPATH_SEARCH_PATHS = (
					"$(inherited)",
					"@executable_path/Frameworks",
				);
				MARKETING_VERSION = 1.0;
				PRODUCT_BUNDLE_IDENTIFIER = "ivan.picmore-ios";
				PRODUCT_NAME = "$(TARGET_NAME)";
				SWIFT_EMIT_LOC_STRINGS = YES;
				SWIFT_VERSION = 5.0;
				TARGETED_DEVICE_FAMILY = "1,2";
			};
			name = Debug;
		};
		A5CB90F22896CF3800868D29 /* Release */ = {
			isa = XCBuildConfiguration;
			baseConfigurationReference = 0572886D450E49EE15DF76F1 /* Pods-picmore_ios.release.xcconfig */;
			buildSettings = {
				ASSETCATALOG_COMPILER_APPICON_NAME = AppIcon;
				ASSETCATALOG_COMPILER_GLOBAL_ACCENT_COLOR_NAME = AccentColor;
				CODE_SIGN_STYLE = Automatic;
				CURRENT_PROJECT_VERSION = 1;
				DEVELOPMENT_ASSET_PATHS = "\"picmore_ios/Preview Content\"";
				DEVELOPMENT_TEAM = 66QU74C344;
				ENABLE_PREVIEWS = YES;
				GENERATE_INFOPLIST_FILE = YES;
				INFOPLIST_KEY_UIApplicationSceneManifest_Generation = YES;
				INFOPLIST_KEY_UIApplicationSupportsIndirectInputEvents = YES;
				INFOPLIST_KEY_UILaunchScreen_Generation = YES;
				INFOPLIST_KEY_UISupportedInterfaceOrientations_iPad = "UIInterfaceOrientationPortrait UIInterfaceOrientationPortraitUpsideDown UIInterfaceOrientationLandscapeLeft UIInterfaceOrientationLandscapeRight";
				INFOPLIST_KEY_UISupportedInterfaceOrientations_iPhone = "UIInterfaceOrientationPortrait UIInterfaceOrientationLandscapeLeft UIInterfaceOrientationLandscapeRight";
				LD_RUNPATH_SEARCH_PATHS = (
					"$(inherited)",
					"@executable_path/Frameworks",
				);
				MARKETING_VERSION = 1.0;
				PRODUCT_BUNDLE_IDENTIFIER = "ivan.picmore-ios";
				PRODUCT_NAME = "$(TARGET_NAME)";
				SWIFT_EMIT_LOC_STRINGS = YES;
				SWIFT_VERSION = 5.0;
				TARGETED_DEVICE_FAMILY = "1,2";
			};
			name = Release;
		};
/* End XCBuildConfiguration section */

/* Begin XCConfigurationList section */
		A5CB90DD2896CF3600868D29 /* Build configuration list for PBXProject "picmore_ios" */ = {
			isa = XCConfigurationList;
			buildConfigurations = (
				A5CB90EE2896CF3800868D29 /* Debug */,
				A5CB90EF2896CF3800868D29 /* Release */,
			);
			defaultConfigurationIsVisible = 0;
			defaultConfigurationName = Release;
		};
		A5CB90F02896CF3800868D29 /* Build configuration list for PBXNativeTarget "picmore_ios" */ = {
			isa = XCConfigurationList;
			buildConfigurations = (
				A5CB90F12896CF3800868D29 /* Debug */,
				A5CB90F22896CF3800868D29 /* Release */,
			);
			defaultConfigurationIsVisible = 0;
			defaultConfigurationName = Release;
		};
/* End XCConfigurationList section */
	};
	rootObject = A5CB90DA2896CF3600868D29 /* Project object */;
}
